
Microsoft Visual Studio Solution File, Format Version 12.00
# Visual Studio Version 17
VisualStudioVersion = 17.11.35208.52
MinimumVisualStudioVersion = 10.0.40219.1
Project("{F2A71F9B-5D33-465A-A702-920D77279786}") = "BaiTap02", "BaiTap02.fsproj", "{27E0B171-6D23-4A79-95E4-506EE137AFD0}"
EndProject
Global
	GlobalSection(SolutionConfigurationPlatforms) = preSolution
		Debug|Any CPU = Debug|Any CPU
		Release|Any CPU = Release|Any CPU
	EndGlobalSection
	GlobalSection(ProjectConfigurationPlatforms) = postSolution
		{27E0B171-6D23-4A79-95E4-506EE137AFD0}.Debug|Any CPU.ActiveCfg = Debug|Any CPU
		{27E0B171-6D23-4A79-95E4-506EE137AFD0}.Debug|Any CPU.Build.0 = Debug|Any CPU
		{27E0B171-6D23-4A79-95E4-506EE137AFD0}.Release|Any CPU.ActiveCfg = Release|Any CPU
		{27E0B171-6D23-4A79-95E4-506EE137AFD0}.Release|Any CPU.Build.0 = Release|Any CPU
	EndGlobalSection
	GlobalSection(SolutionProperties) = preSolution
		HideSolutionNode = FALSE
	EndGlobalSection
	GlobalSection(ExtensibilityGlobals) = postSolution
		SolutionGuid = {C1204CC6-7FCE-4780-AEBF-3E700099D7E5}
	EndGlobalSection
EndGlobal
