
Microsoft Visual Studio Solution File, Format Version 12.00
# Visual Studio Version 17
VisualStudioVersion = 17.11.35219.272
MinimumVisualStudioVersion = 10.0.40219.1
Project("{FAE04EC0-301F-11D3-BF4B-00C04F79EFBC}") = "BaiTap02", "BaiTap02.csproj", "{EA7E5D66-D58A-4767-B11B-A16224B7C38D}"
EndProject
Global
	GlobalSection(SolutionConfigurationPlatforms) = preSolution
		Debug|Any CPU = Debug|Any CPU
		Release|Any CPU = Release|Any CPU
	EndGlobalSection
	GlobalSection(ProjectConfigurationPlatforms) = postSolution
		{EA7E5D66-D58A-4767-B11B-A16224B7C38D}.Debug|Any CPU.ActiveCfg = Debug|Any CPU
		{EA7E5D66-D58A-4767-B11B-A16224B7C38D}.Debug|Any CPU.Build.0 = Debug|Any CPU
		{EA7E5D66-D58A-4767-B11B-A16224B7C38D}.Release|Any CPU.ActiveCfg = Release|Any CPU
		{EA7E5D66-D58A-4767-B11B-A16224B7C38D}.Release|Any CPU.Build.0 = Release|Any CPU
	EndGlobalSection
	GlobalSection(SolutionProperties) = preSolution
		HideSolutionNode = FALSE
	EndGlobalSection
	GlobalSection(ExtensibilityGlobals) = postSolution
		SolutionGuid = {B0E06688-4C61-4B23-A891-0A9DF8310B83}
	EndGlobalSection
EndGlobal
