
Microsoft Visual Studio Solution File, Format Version 12.00
# Visual Studio Version 17
VisualStudioVersion = 17.11.35219.272
MinimumVisualStudioVersion = 10.0.40219.1
Project("{FAE04EC0-301F-11D3-BF4B-00C04F79EFBC}") = "BaiTap03", "BaiTap03.csproj", "{588DFECF-005D-4C72-9F7F-279F5FC52947}"
EndProject
Global
	GlobalSection(SolutionConfigurationPlatforms) = preSolution
		Debug|Any CPU = Debug|Any CPU
		Release|Any CPU = Release|Any CPU
	EndGlobalSection
	GlobalSection(ProjectConfigurationPlatforms) = postSolution
		{588DFECF-005D-4C72-9F7F-279F5FC52947}.Debug|Any CPU.ActiveCfg = Debug|Any CPU
		{588DFECF-005D-4C72-9F7F-279F5FC52947}.Debug|Any CPU.Build.0 = Debug|Any CPU
		{588DFECF-005D-4C72-9F7F-279F5FC52947}.Release|Any CPU.ActiveCfg = Release|Any CPU
		{588DFECF-005D-4C72-9F7F-279F5FC52947}.Release|Any CPU.Build.0 = Release|Any CPU
	EndGlobalSection
	GlobalSection(SolutionProperties) = preSolution
		HideSolutionNode = FALSE
	EndGlobalSection
	GlobalSection(ExtensibilityGlobals) = postSolution
		SolutionGuid = {AFABF8D9-9414-457E-9BBB-D410A6C6022E}
	EndGlobalSection
EndGlobal
