
Microsoft Visual Studio Solution File, Format Version 12.00
# Visual Studio Version 17
VisualStudioVersion = 17.11.35219.272
MinimumVisualStudioVersion = 10.0.40219.1
Project("{FAE04EC0-301F-11D3-BF4B-00C04F79EFBC}") = "BaiTap04", "BaiTap04.csproj", "{238BE46E-281B-4302-A691-3590FB02D664}"
EndProject
Global
	GlobalSection(SolutionConfigurationPlatforms) = preSolution
		Debug|Any CPU = Debug|Any CPU
		Release|Any CPU = Release|Any CPU
	EndGlobalSection
	GlobalSection(ProjectConfigurationPlatforms) = postSolution
		{238BE46E-281B-4302-A691-3590FB02D664}.Debug|Any CPU.ActiveCfg = Debug|Any CPU
		{238BE46E-281B-4302-A691-3590FB02D664}.Debug|Any CPU.Build.0 = Debug|Any CPU
		{238BE46E-281B-4302-A691-3590FB02D664}.Release|Any CPU.ActiveCfg = Release|Any CPU
		{238BE46E-281B-4302-A691-3590FB02D664}.Release|Any CPU.Build.0 = Release|Any CPU
	EndGlobalSection
	GlobalSection(SolutionProperties) = preSolution
		HideSolutionNode = FALSE
	EndGlobalSection
	GlobalSection(ExtensibilityGlobals) = postSolution
		SolutionGuid = {EDA0072B-CC0D-4B6B-814A-C168FB68261F}
	EndGlobalSection
EndGlobal
