
Microsoft Visual Studio Solution File, Format Version 12.00
# Visual Studio Version 17
VisualStudioVersion = 17.11.35219.272
MinimumVisualStudioVersion = 10.0.40219.1
Project("{FAE04EC0-301F-11D3-BF4B-00C04F79EFBC}") = "BTVN01", "BTVN01.csproj", "{900E592A-C45C-4245-88F0-E3107BE73E79}"
EndProject
Global
	GlobalSection(SolutionConfigurationPlatforms) = preSolution
		Debug|Any CPU = Debug|Any CPU
		Release|Any CPU = Release|Any CPU
	EndGlobalSection
	GlobalSection(ProjectConfigurationPlatforms) = postSolution
		{900E592A-C45C-4245-88F0-E3107BE73E79}.Debug|Any CPU.ActiveCfg = Debug|Any CPU
		{900E592A-C45C-4245-88F0-E3107BE73E79}.Debug|Any CPU.Build.0 = Debug|Any CPU
		{900E592A-C45C-4245-88F0-E3107BE73E79}.Release|Any CPU.ActiveCfg = Release|Any CPU
		{900E592A-C45C-4245-88F0-E3107BE73E79}.Release|Any CPU.Build.0 = Release|Any CPU
	EndGlobalSection
	GlobalSection(SolutionProperties) = preSolution
		HideSolutionNode = FALSE
	EndGlobalSection
	GlobalSection(ExtensibilityGlobals) = postSolution
		SolutionGuid = {F6809293-8F32-4422-870F-C08DF70FDC2D}
	EndGlobalSection
EndGlobal
